// !$*UTF8*$!
{
	archiveVersion = 1;
	classes = {
	};
	objectVersion = 56;
	objects = {

/* Begin PBXBuildFile section */
		17F648037BF704B396100CC1 /* Pods_Wallie.framework in Frameworks */ = {isa = PBXBuildFile; fileRef = 2811D4F00A2B67DA554F00F8 /* Pods_Wallie.framework */; };
		85B3D0B82A547395009C4644 /* WallieApp.swift in Sources */ = {isa = PBXBuildFile; fileRef = 85B3D0B72A547395009C4644 /* WallieApp.swift */; };
		85B3D0BA2A547395009C4644 /* MainView.swift in Sources */ = {isa = PBXBuildFile; fileRef = 85B3D0B92A547395009C4644 /* MainView.swift */; };
		85B3D0BC2A547396009C4644 /* Assets.xcassets in Resources */ = {isa = PBXBuildFile; fileRef = 85B3D0BB2A547396009C4644 /* Assets.xcassets */; };
		85B3D0BF2A547396009C4644 /* Preview Assets.xcassets in Resources */ = {isa = PBXBuildFile; fileRef = 85B3D0BE2A547396009C4644 /* Preview Assets.xcassets */; };
		85B3D0C12A547396009C4644 /* Persistence.swift in Sources */ = {isa = PBXBuildFile; fileRef = 85B3D0C02A547396009C4644 /* Persistence.swift */; };
		85B3D0C42A547397009C4644 /* Wallie.xcdatamodeld in Sources */ = {isa = PBXBuildFile; fileRef = 85B3D0C22A547397009C4644 /* Wallie.xcdatamodeld */; };
		85B3D0CC2A547437009C4644 /* ContainerExtension.swift in Sources */ = {isa = PBXBuildFile; fileRef = 85B3D0CB2A547437009C4644 /* ContainerExtension.swift */; };
		85B3D0D12A571B50009C4644 /* SearchScreenView.swift in Sources */ = {isa = PBXBuildFile; fileRef = 85B3D0D02A571B50009C4644 /* SearchScreenView.swift */; };
		85B7AFA92A79104D0057B807 /* ImagesGridView.swift in Sources */ = {isa = PBXBuildFile; fileRef = 85B7AFA82A79104D0057B807 /* ImagesGridView.swift */; };
		85B7AFAC2A7918D40057B807 /* ResultScreenView.swift in Sources */ = {isa = PBXBuildFile; fileRef = 85B7AFAB2A7918D40057B807 /* ResultScreenView.swift */; };
		85B7AFAE2A79BC9B0057B807 /* Router.swift in Sources */ = {isa = PBXBuildFile; fileRef = 85B7AFAD2A79BC9A0057B807 /* Router.swift */; };
		85B7AFB12A79BDDD0057B807 /* AppAssembly.swift in Sources */ = {isa = PBXBuildFile; fileRef = 85B7AFB02A79BDDD0057B807 /* AppAssembly.swift */; };
		85B7AFB32A79C13D0057B807 /* MainViewModel.swift in Sources */ = {isa = PBXBuildFile; fileRef = 85B7AFB22A79C13D0057B807 /* MainViewModel.swift */; };
		85B7AFB52A79C7050057B807 /* SearchScreenViewModel.swift in Sources */ = {isa = PBXBuildFile; fileRef = 85B7AFB42A79C7050057B807 /* SearchScreenViewModel.swift */; };
		85B7AFB82A7A9DF10057B807 /* API.swift in Sources */ = {isa = PBXBuildFile; fileRef = 85B7AFB72A7A9DF10057B807 /* API.swift */; };
		85B7AFBB2A7AB7930057B807 /* ImageData.swift in Sources */ = {isa = PBXBuildFile; fileRef = 85B7AFBA2A7AB7930057B807 /* ImageData.swift */; };
		85B7AFBE2A7BB3610057B807 /* ImageModel.swift in Sources */ = {isa = PBXBuildFile; fileRef = 85B7AFBD2A7BB3610057B807 /* ImageModel.swift */; };
		85B7AFC02A7C11E10057B807 /* DataExtension.swift in Sources */ = {isa = PBXBuildFile; fileRef = 85B7AFBF2A7C11E10057B807 /* DataExtension.swift */; };
/* End PBXBuildFile section */

/* Begin PBXFileReference section */
		2811D4F00A2B67DA554F00F8 /* Pods_Wallie.framework */ = {isa = PBXFileReference; explicitFileType = wrapper.framework; includeInIndex = 0; path = Pods_Wallie.framework; sourceTree = BUILT_PRODUCTS_DIR; };
		448A3D420ED752D70559612A /* Pods-Wallie.release.xcconfig */ = {isa = PBXFileReference; includeInIndex = 1; lastKnownFileType = text.xcconfig; name = "Pods-Wallie.release.xcconfig"; path = "Target Support Files/Pods-Wallie/Pods-Wallie.release.xcconfig"; sourceTree = "<group>"; };
		85B3D0B42A547395009C4644 /* Wallie.app */ = {isa = PBXFileReference; explicitFileType = wrapper.application; includeInIndex = 0; path = Wallie.app; sourceTree = BUILT_PRODUCTS_DIR; };
		85B3D0B72A547395009C4644 /* WallieApp.swift */ = {isa = PBXFileReference; lastKnownFileType = sourcecode.swift; path = WallieApp.swift; sourceTree = "<group>"; };
		85B3D0B92A547395009C4644 /* MainView.swift */ = {isa = PBXFileReference; lastKnownFileType = sourcecode.swift; path = MainView.swift; sourceTree = "<group>"; };
		85B3D0BB2A547396009C4644 /* Assets.xcassets */ = {isa = PBXFileReference; lastKnownFileType = folder.assetcatalog; path = Assets.xcassets; sourceTree = "<group>"; };
		85B3D0BE2A547396009C4644 /* Preview Assets.xcassets */ = {isa = PBXFileReference; lastKnownFileType = folder.assetcatalog; path = "Preview Assets.xcassets"; sourceTree = "<group>"; };
		85B3D0C02A547396009C4644 /* Persistence.swift */ = {isa = PBXFileReference; lastKnownFileType = sourcecode.swift; path = Persistence.swift; sourceTree = "<group>"; };
		85B3D0C32A547397009C4644 /* Wallie.xcdatamodel */ = {isa = PBXFileReference; lastKnownFileType = wrapper.xcdatamodel; path = Wallie.xcdatamodel; sourceTree = "<group>"; };
		85B3D0CB2A547437009C4644 /* ContainerExtension.swift */ = {isa = PBXFileReference; lastKnownFileType = sourcecode.swift; path = ContainerExtension.swift; sourceTree = "<group>"; };
		85B3D0D02A571B50009C4644 /* SearchScreenView.swift */ = {isa = PBXFileReference; lastKnownFileType = sourcecode.swift; path = SearchScreenView.swift; sourceTree = "<group>"; };
		85B7AFA82A79104D0057B807 /* ImagesGridView.swift */ = {isa = PBXFileReference; lastKnownFileType = sourcecode.swift; path = ImagesGridView.swift; sourceTree = "<group>"; };
		85B7AFAB2A7918D40057B807 /* ResultScreenView.swift */ = {isa = PBXFileReference; lastKnownFileType = sourcecode.swift; path = ResultScreenView.swift; sourceTree = "<group>"; };
		85B7AFAD2A79BC9A0057B807 /* Router.swift */ = {isa = PBXFileReference; lastKnownFileType = sourcecode.swift; path = Router.swift; sourceTree = "<group>"; };
		85B7AFB02A79BDDD0057B807 /* AppAssembly.swift */ = {isa = PBXFileReference; lastKnownFileType = sourcecode.swift; path = AppAssembly.swift; sourceTree = "<group>"; };
		85B7AFB22A79C13D0057B807 /* MainViewModel.swift */ = {isa = PBXFileReference; lastKnownFileType = sourcecode.swift; path = MainViewModel.swift; sourceTree = "<group>"; };
		85B7AFB42A79C7050057B807 /* SearchScreenViewModel.swift */ = {isa = PBXFileReference; lastKnownFileType = sourcecode.swift; path = SearchScreenViewModel.swift; sourceTree = "<group>"; };
		85B7AFB72A7A9DF10057B807 /* API.swift */ = {isa = PBXFileReference; lastKnownFileType = sourcecode.swift; path = API.swift; sourceTree = "<group>"; };
		85B7AFBA2A7AB7930057B807 /* ImageData.swift */ = {isa = PBXFileReference; lastKnownFileType = sourcecode.swift; path = ImageData.swift; sourceTree = "<group>"; };
		85B7AFBD2A7BB3610057B807 /* ImageModel.swift */ = {isa = PBXFileReference; lastKnownFileType = sourcecode.swift; path = ImageModel.swift; sourceTree = "<group>"; };
		85B7AFBF2A7C11E10057B807 /* DataExtension.swift */ = {isa = PBXFileReference; lastKnownFileType = sourcecode.swift; path = DataExtension.swift; sourceTree = "<group>"; };
		C8CB95DC5FD324365B6A1DB1 /* Pods-Wallie.debug.xcconfig */ = {isa = PBXFileReference; includeInIndex = 1; lastKnownFileType = text.xcconfig; name = "Pods-Wallie.debug.xcconfig"; path = "Target Support Files/Pods-Wallie/Pods-Wallie.debug.xcconfig"; sourceTree = "<group>"; };
/* End PBXFileReference section */

/* Begin PBXFrameworksBuildPhase section */
		85B3D0B12A547395009C4644 /* Frameworks */ = {
			isa = PBXFrameworksBuildPhase;
			buildActionMask = 2147483647;
			files = (
				17F648037BF704B396100CC1 /* Pods_Wallie.framework in Frameworks */,
			);
			runOnlyForDeploymentPostprocessing = 0;
		};
/* End PBXFrameworksBuildPhase section */

/* Begin PBXGroup section */
		3A97E256F9ECA2F905648C1C /* Pods */ = {
			isa = PBXGroup;
			children = (
				C8CB95DC5FD324365B6A1DB1 /* Pods-Wallie.debug.xcconfig */,
				448A3D420ED752D70559612A /* Pods-Wallie.release.xcconfig */,
			);
			path = Pods;
			sourceTree = "<group>";
		};
		4CD2FD886EF5C6F05DE36F2E /* Frameworks */ = {
			isa = PBXGroup;
			children = (
				2811D4F00A2B67DA554F00F8 /* Pods_Wallie.framework */,
			);
			name = Frameworks;
			sourceTree = "<group>";
		};
		85B3D0AB2A547394009C4644 = {
			isa = PBXGroup;
			children = (
				85B3D0B62A547395009C4644 /* Wallie */,
				85B3D0B52A547395009C4644 /* Products */,
				3A97E256F9ECA2F905648C1C /* Pods */,
				4CD2FD886EF5C6F05DE36F2E /* Frameworks */,
			);
			sourceTree = "<group>";
		};
		85B3D0B52A547395009C4644 /* Products */ = {
			isa = PBXGroup;
			children = (
				85B3D0B42A547395009C4644 /* Wallie.app */,
			);
			name = Products;
			sourceTree = "<group>";
		};
		85B3D0B62A547395009C4644 /* Wallie */ = {
			isa = PBXGroup;
			children = (
				85B3D0B72A547395009C4644 /* WallieApp.swift */,
				85B7AFAD2A79BC9A0057B807 /* Router.swift */,
				85B7AFAF2A79BD2D0057B807 /* DI */,
				85B3D0C02A547396009C4644 /* Persistence.swift */,
				85B7AFB62A7A9DC80057B807 /* Network */,
				85B7AFB92A7AB6940057B807 /* Models */,
				85B3D0CA2A5473E1009C4644 /* Extensions */,
				85B3D0CD2A55A818009C4644 /* MainView */,
				85B3D0CF2A571AE6009C4644 /* SearchScreenView */,
				85B7AFAA2A7918910057B807 /* ResultScreenView */,
				85B7AFA72A7910130057B807 /* ImagesGridView */,
				85B3D0BB2A547396009C4644 /* Assets.xcassets */,
				85B3D0C22A547397009C4644 /* Wallie.xcdatamodeld */,
				85B3D0BD2A547396009C4644 /* Preview Content */,
			);
			path = Wallie;
			sourceTree = "<group>";
		};
		85B3D0BD2A547396009C4644 /* Preview Content */ = {
			isa = PBXGroup;
			children = (
				85B3D0BE2A547396009C4644 /* Preview Assets.xcassets */,
			);
			path = "Preview Content";
			sourceTree = "<group>";
		};
		85B3D0CA2A5473E1009C4644 /* Extensions */ = {
			isa = PBXGroup;
			children = (
				85B3D0CB2A547437009C4644 /* ContainerExtension.swift */,
				85B7AFBF2A7C11E10057B807 /* DataExtension.swift */,
			);
			path = Extensions;
			sourceTree = "<group>";
		};
		85B3D0CD2A55A818009C4644 /* MainView */ = {
			isa = PBXGroup;
			children = (
				85B3D0B92A547395009C4644 /* MainView.swift */,
				85B7AFB22A79C13D0057B807 /* MainViewModel.swift */,
			);
			path = MainView;
			sourceTree = "<group>";
		};
		85B3D0CF2A571AE6009C4644 /* SearchScreenView */ = {
			isa = PBXGroup;
			children = (
				85B3D0D02A571B50009C4644 /* SearchScreenView.swift */,
				85B7AFB42A79C7050057B807 /* SearchScreenViewModel.swift */,
			);
			path = SearchScreenView;
			sourceTree = "<group>";
		};
		85B7AFA72A7910130057B807 /* ImagesGridView */ = {
			isa = PBXGroup;
			children = (
				85B7AFBC2A7BB3220057B807 /* Model */,
				85B7AFA82A79104D0057B807 /* ImagesGridView.swift */,
			);
			path = ImagesGridView;
			sourceTree = "<group>";
		};
		85B7AFAA2A7918910057B807 /* ResultScreenView */ = {
			isa = PBXGroup;
			children = (
				85B7AFAB2A7918D40057B807 /* ResultScreenView.swift */,
			);
			path = ResultScreenView;
			sourceTree = "<group>";
		};
		85B7AFAF2A79BD2D0057B807 /* DI */ = {
			isa = PBXGroup;
			children = (
				85B7AFB02A79BDDD0057B807 /* AppAssembly.swift */,
			);
			path = DI;
			sourceTree = "<group>";
		};
		85B7AFB62A7A9DC80057B807 /* Network */ = {
			isa = PBXGroup;
			children = (
				85B7AFB72A7A9DF10057B807 /* API.swift */,
			);
			path = Network;
			sourceTree = "<group>";
		};
		85B7AFB92A7AB6940057B807 /* Models */ = {
			isa = PBXGroup;
			children = (
				85B7AFBA2A7AB7930057B807 /* ImageData.swift */,
			);
			path = Models;
			sourceTree = "<group>";
		};
		85B7AFBC2A7BB3220057B807 /* Model */ = {
			isa = PBXGroup;
			children = (
				85B7AFBD2A7BB3610057B807 /* ImageModel.swift */,
			);
			path = Model;
			sourceTree = "<group>";
		};
/* End PBXGroup section */

/* Begin PBXNativeTarget section */
		85B3D0B32A547395009C4644 /* Wallie */ = {
			isa = PBXNativeTarget;
			buildConfigurationList = 85B3D0C72A547397009C4644 /* Build configuration list for PBXNativeTarget "Wallie" */;
			buildPhases = (
				627A775777E503C1568F36CC /* [CP] Check Pods Manifest.lock */,
				85B3D0B02A547395009C4644 /* Sources */,
				85B3D0B12A547395009C4644 /* Frameworks */,
				85B3D0B22A547395009C4644 /* Resources */,
				006B7167D60771926AAAA488 /* [CP] Embed Pods Frameworks */,
			);
			buildRules = (
			);
			dependencies = (
			);
			name = Wallie;
			productName = Wallie;
			productReference = 85B3D0B42A547395009C4644 /* Wallie.app */;
			productType = "com.apple.product-type.application";
		};
/* End PBXNativeTarget section */

/* Begin PBXProject section */
		85B3D0AC2A547395009C4644 /* Project object */ = {
			isa = PBXProject;
			attributes = {
				BuildIndependentTargetsInParallel = 1;
				LastSwiftUpdateCheck = 1420;
				LastUpgradeCheck = 1420;
				TargetAttributes = {
					85B3D0B32A547395009C4644 = {
						CreatedOnToolsVersion = 14.2;
					};
				};
			};
			buildConfigurationList = 85B3D0AF2A547395009C4644 /* Build configuration list for PBXProject "Wallie" */;
			compatibilityVersion = "Xcode 14.0";
			developmentRegion = en;
			hasScannedForEncodings = 0;
			knownRegions = (
				en,
				Base,
			);
			mainGroup = 85B3D0AB2A547394009C4644;
			productRefGroup = 85B3D0B52A547395009C4644 /* Products */;
			projectDirPath = "";
			projectRoot = "";
			targets = (
				85B3D0B32A547395009C4644 /* Wallie */,
			);
		};
/* End PBXProject section */

/* Begin PBXResourcesBuildPhase section */
		85B3D0B22A547395009C4644 /* Resources */ = {
			isa = PBXResourcesBuildPhase;
			buildActionMask = 2147483647;
			files = (
				85B3D0BF2A547396009C4644 /* Preview Assets.xcassets in Resources */,
				85B3D0BC2A547396009C4644 /* Assets.xcassets in Resources */,
			);
			runOnlyForDeploymentPostprocessing = 0;
		};
/* End PBXResourcesBuildPhase section */

/* Begin PBXShellScriptBuildPhase section */
		006B7167D60771926AAAA488 /* [CP] Embed Pods Frameworks */ = {
			isa = PBXShellScriptBuildPhase;
			buildActionMask = 2147483647;
			files = (
			);
			inputFileListPaths = (
				"${PODS_ROOT}/Target Support Files/Pods-Wallie/Pods-Wallie-frameworks-${CONFIGURATION}-input-files.xcfilelist",
			);
			name = "[CP] Embed Pods Frameworks";
			outputFileListPaths = (
				"${PODS_ROOT}/Target Support Files/Pods-Wallie/Pods-Wallie-frameworks-${CONFIGURATION}-output-files.xcfilelist",
			);
			runOnlyForDeploymentPostprocessing = 0;
			shellPath = /bin/sh;
			shellScript = "\"${PODS_ROOT}/Target Support Files/Pods-Wallie/Pods-Wallie-frameworks.sh\"\n";
			showEnvVarsInLog = 0;
		};
		627A775777E503C1568F36CC /* [CP] Check Pods Manifest.lock */ = {
			isa = PBXShellScriptBuildPhase;
			buildActionMask = 2147483647;
			files = (
			);
			inputFileListPaths = (
			);
			inputPaths = (
				"${PODS_PODFILE_DIR_PATH}/Podfile.lock",
				"${PODS_ROOT}/Manifest.lock",
			);
			name = "[CP] Check Pods Manifest.lock";
			outputFileListPaths = (
			);
			outputPaths = (
				"$(DERIVED_FILE_DIR)/Pods-Wallie-checkManifestLockResult.txt",
			);
			runOnlyForDeploymentPostprocessing = 0;
			shellPath = /bin/sh;
			shellScript = "diff \"${PODS_PODFILE_DIR_PATH}/Podfile.lock\" \"${PODS_ROOT}/Manifest.lock\" > /dev/null\nif [ $? != 0 ] ; then\n    # print error to STDERR\n    echo \"error: The sandbox is not in sync with the Podfile.lock. Run 'pod install' or update your CocoaPods installation.\" >&2\n    exit 1\nfi\n# This output is used by Xcode 'outputs' to avoid re-running this script phase.\necho \"SUCCESS\" > \"${SCRIPT_OUTPUT_FILE_0}\"\n";
			showEnvVarsInLog = 0;
		};
/* End PBXShellScriptBuildPhase section */

/* Begin PBXSourcesBuildPhase section */
		85B3D0B02A547395009C4644 /* Sources */ = {
			isa = PBXSourcesBuildPhase;
			buildActionMask = 2147483647;
			files = (
				85B7AFB52A79C7050057B807 /* SearchScreenViewModel.swift in Sources */,
				85B7AFBE2A7BB3610057B807 /* ImageModel.swift in Sources */,
				85B3D0C12A547396009C4644 /* Persistence.swift in Sources */,
				85B3D0CC2A547437009C4644 /* ContainerExtension.swift in Sources */,
				85B3D0C42A547397009C4644 /* Wallie.xcdatamodeld in Sources */,
				85B7AFC02A7C11E10057B807 /* DataExtension.swift in Sources */,
				85B7AFAC2A7918D40057B807 /* ResultScreenView.swift in Sources */,
				85B7AFAE2A79BC9B0057B807 /* Router.swift in Sources */,
				85B3D0BA2A547395009C4644 /* MainView.swift in Sources */,
				85B3D0D12A571B50009C4644 /* SearchScreenView.swift in Sources */,
				85B7AFB82A7A9DF10057B807 /* API.swift in Sources */,
				85B7AFB12A79BDDD0057B807 /* AppAssembly.swift in Sources */,
				85B3D0B82A547395009C4644 /* WallieApp.swift in Sources */,
				85B7AFA92A79104D0057B807 /* ImagesGridView.swift in Sources */,
				85B7AFB32A79C13D0057B807 /* MainViewModel.swift in Sources */,
				85B7AFBB2A7AB7930057B807 /* ImageData.swift in Sources */,
			);
			runOnlyForDeploymentPostprocessing = 0;
		};
/* End PBXSourcesBuildPhase section */

/* Begin XCBuildConfiguration section */
		85B3D0C52A547397009C4644 /* Debug */ = {
			isa = XCBuildConfiguration;
			buildSettings = {
				ALWAYS_SEARCH_USER_PATHS = NO;
				CLANG_ANALYZER_NONNULL = YES;
				CLANG_ANALYZER_NUMBER_OBJECT_CONVERSION = YES_AGGRESSIVE;
				CLANG_CXX_LANGUAGE_STANDARD = "gnu++20";
				CLANG_ENABLE_MODULES = YES;
				CLANG_ENABLE_OBJC_ARC = YES;
				CLANG_ENABLE_OBJC_WEAK = YES;
				CLANG_WARN_BLOCK_CAPTURE_AUTORELEASING = YES;
				CLANG_WARN_BOOL_CONVERSION = YES;
				CLANG_WARN_COMMA = YES;
				CLANG_WARN_CONSTANT_CONVERSION = YES;
				CLANG_WARN_DEPRECATED_OBJC_IMPLEMENTATIONS = YES;
				CLANG_WARN_DIRECT_OBJC_ISA_USAGE = YES_ERROR;
				CLANG_WARN_DOCUMENTATION_COMMENTS = YES;
				CLANG_WARN_EMPTY_BODY = YES;
				CLANG_WARN_ENUM_CONVERSION = YES;
				CLANG_WARN_INFINITE_RECURSION = YES;
				CLANG_WARN_INT_CONVERSION = YES;
				CLANG_WARN_NON_LITERAL_NULL_CONVERSION = YES;
				CLANG_WARN_OBJC_IMPLICIT_RETAIN_SELF = YES;
				CLANG_WARN_OBJC_LITERAL_CONVERSION = YES;
				CLANG_WARN_OBJC_ROOT_CLASS = YES_ERROR;
				CLANG_WARN_QUOTED_INCLUDE_IN_FRAMEWORK_HEADER = YES;
				CLANG_WARN_RANGE_LOOP_ANALYSIS = YES;
				CLANG_WARN_STRICT_PROTOTYPES = YES;
				CLANG_WARN_SUSPICIOUS_MOVE = YES;
				CLANG_WARN_UNGUARDED_AVAILABILITY = YES_AGGRESSIVE;
				CLANG_WARN_UNREACHABLE_CODE = YES;
				CLANG_WARN__DUPLICATE_METHOD_MATCH = YES;
				COPY_PHASE_STRIP = NO;
				DEBUG_INFORMATION_FORMAT = dwarf;
				ENABLE_STRICT_OBJC_MSGSEND = YES;
				ENABLE_TESTABILITY = YES;
				GCC_C_LANGUAGE_STANDARD = gnu11;
				GCC_DYNAMIC_NO_PIC = NO;
				GCC_NO_COMMON_BLOCKS = YES;
				GCC_OPTIMIZATION_LEVEL = 0;
				GCC_PREPROCESSOR_DEFINITIONS = (
					"DEBUG=1",
					"$(inherited)",
				);
				GCC_WARN_64_TO_32_BIT_CONVERSION = YES;
				GCC_WARN_ABOUT_RETURN_TYPE = YES_ERROR;
				GCC_WARN_UNDECLARED_SELECTOR = YES;
				GCC_WARN_UNINITIALIZED_AUTOS = YES_AGGRESSIVE;
				GCC_WARN_UNUSED_FUNCTION = YES;
				GCC_WARN_UNUSED_VARIABLE = YES;
				IPHONEOS_DEPLOYMENT_TARGET = 16.2;
				MTL_ENABLE_DEBUG_INFO = INCLUDE_SOURCE;
				MTL_FAST_MATH = YES;
				ONLY_ACTIVE_ARCH = YES;
				SDKROOT = iphoneos;
				SWIFT_ACTIVE_COMPILATION_CONDITIONS = DEBUG;
				SWIFT_OPTIMIZATION_LEVEL = "-Onone";
			};
			name = Debug;
		};
		85B3D0C62A547397009C4644 /* Release */ = {
			isa = XCBuildConfiguration;
			buildSettings = {
				ALWAYS_SEARCH_USER_PATHS = NO;
				CLANG_ANALYZER_NONNULL = YES;
				CLANG_ANALYZER_NUMBER_OBJECT_CONVERSION = YES_AGGRESSIVE;
				CLANG_CXX_LANGUAGE_STANDARD = "gnu++20";
				CLANG_ENABLE_MODULES = YES;
				CLANG_ENABLE_OBJC_ARC = YES;
				CLANG_ENABLE_OBJC_WEAK = YES;
				CLANG_WARN_BLOCK_CAPTURE_AUTORELEASING = YES;
				CLANG_WARN_BOOL_CONVERSION = YES;
				CLANG_WARN_COMMA = YES;
				CLANG_WARN_CONSTANT_CONVERSION = YES;
				CLANG_WARN_DEPRECATED_OBJC_IMPLEMENTATIONS = YES;
				CLANG_WARN_DIRECT_OBJC_ISA_USAGE = YES_ERROR;
				CLANG_WARN_DOCUMENTATION_COMMENTS = YES;
				CLANG_WARN_EMPTY_BODY = YES;
				CLANG_WARN_ENUM_CONVERSION = YES;
				CLANG_WARN_INFINITE_RECURSION = YES;
				CLANG_WARN_INT_CONVERSION = YES;
				CLANG_WARN_NON_LITERAL_NULL_CONVERSION = YES;
				CLANG_WARN_OBJC_IMPLICIT_RETAIN_SELF = YES;
				CLANG_WARN_OBJC_LITERAL_CONVERSION = YES;
				CLANG_WARN_OBJC_ROOT_CLASS = YES_ERROR;
				CLANG_WARN_QUOTED_INCLUDE_IN_FRAMEWORK_HEADER = YES;
				CLANG_WARN_RANGE_LOOP_ANALYSIS = YES;
				CLANG_WARN_STRICT_PROTOTYPES = YES;
				CLANG_WARN_SUSPICIOUS_MOVE = YES;
				CLANG_WARN_UNGUARDED_AVAILABILITY = YES_AGGRESSIVE;
				CLANG_WARN_UNREACHABLE_CODE = YES;
				CLANG_WARN__DUPLICATE_METHOD_MATCH = YES;
				COPY_PHASE_STRIP = NO;
				DEBUG_INFORMATION_FORMAT = "dwarf-with-dsym";
				ENABLE_NS_ASSERTIONS = NO;
				ENABLE_STRICT_OBJC_MSGSEND = YES;
				GCC_C_LANGUAGE_STANDARD = gnu11;
				GCC_NO_COMMON_BLOCKS = YES;
				GCC_WARN_64_TO_32_BIT_CONVERSION = YES;
				GCC_WARN_ABOUT_RETURN_TYPE = YES_ERROR;
				GCC_WARN_UNDECLARED_SELECTOR = YES;
				GCC_WARN_UNINITIALIZED_AUTOS = YES_AGGRESSIVE;
				GCC_WARN_UNUSED_FUNCTION = YES;
				GCC_WARN_UNUSED_VARIABLE = YES;
				IPHONEOS_DEPLOYMENT_TARGET = 16.2;
				MTL_ENABLE_DEBUG_INFO = NO;
				MTL_FAST_MATH = YES;
				SDKROOT = iphoneos;
				SWIFT_COMPILATION_MODE = wholemodule;
				SWIFT_OPTIMIZATION_LEVEL = "-O";
				VALIDATE_PRODUCT = YES;
			};
			name = Release;
		};
		85B3D0C82A547397009C4644 /* Debug */ = {
			isa = XCBuildConfiguration;
			baseConfigurationReference = C8CB95DC5FD324365B6A1DB1 /* Pods-Wallie.debug.xcconfig */;
			buildSettings = {
				ASSETCATALOG_COMPILER_APPICON_NAME = AppIcon;
				ASSETCATALOG_COMPILER_GLOBAL_ACCENT_COLOR_NAME = AccentColor;
				CODE_SIGN_STYLE = Automatic;
				CURRENT_PROJECT_VERSION = 1;
				DEVELOPMENT_ASSET_PATHS = "\"Wallie/Preview Content\"";
				DEVELOPMENT_TEAM = NWJQXY2934;
				ENABLE_PREVIEWS = YES;
				GENERATE_INFOPLIST_FILE = YES;
				INFOPLIST_KEY_UIApplicationSceneManifest_Generation = YES;
				INFOPLIST_KEY_UIApplicationSupportsIndirectInputEvents = YES;
				INFOPLIST_KEY_UILaunchScreen_Generation = YES;
				INFOPLIST_KEY_UISupportedInterfaceOrientations_iPad = "UIInterfaceOrientationPortrait UIInterfaceOrientationPortraitUpsideDown UIInterfaceOrientationLandscapeLeft UIInterfaceOrientationLandscapeRight";
				INFOPLIST_KEY_UISupportedInterfaceOrientations_iPhone = "UIInterfaceOrientationPortrait UIInterfaceOrientationLandscapeLeft UIInterfaceOrientationLandscapeRight";
				IPHONEOS_DEPLOYMENT_TARGET = 15;
				LD_RUNPATH_SEARCH_PATHS = (
					"$(inherited)",
					"@executable_path/Frameworks",
				);
				MARKETING_VERSION = 1.0;
				PRODUCT_BUNDLE_IDENTIFIER = com.ChristinaStepanok.Wallie;
				PRODUCT_NAME = "$(TARGET_NAME)";
				SWIFT_EMIT_LOC_STRINGS = YES;
				SWIFT_VERSION = 5.0;
				TARGETED_DEVICE_FAMILY = "1,2";
			};
			name = Debug;
		};
		85B3D0C92A547397009C4644 /* Release */ = {
			isa = XCBuildConfiguration;
			baseConfigurationReference = 448A3D420ED752D70559612A /* Pods-Wallie.release.xcconfig */;
			buildSettings = {
				ASSETCATALOG_COMPILER_APPICON_NAME = AppIcon;
				ASSETCATALOG_COMPILER_GLOBAL_ACCENT_COLOR_NAME = AccentColor;
				CODE_SIGN_STYLE = Automatic;
				CURRENT_PROJECT_VERSION = 1;
				DEVELOPMENT_ASSET_PATHS = "\"Wallie/Preview Content\"";
				DEVELOPMENT_TEAM = NWJQXY2934;
				ENABLE_PREVIEWS = YES;
				GENERATE_INFOPLIST_FILE = YES;
				INFOPLIST_KEY_UIApplicationSceneManifest_Generation = YES;
				INFOPLIST_KEY_UIApplicationSupportsIndirectInputEvents = YES;
				INFOPLIST_KEY_UILaunchScreen_Generation = YES;
				INFOPLIST_KEY_UISupportedInterfaceOrientations_iPad = "UIInterfaceOrientationPortrait UIInterfaceOrientationPortraitUpsideDown UIInterfaceOrientationLandscapeLeft UIInterfaceOrientationLandscapeRight";
				INFOPLIST_KEY_UISupportedInterfaceOrientations_iPhone = "UIInterfaceOrientationPortrait UIInterfaceOrientationLandscapeLeft UIInterfaceOrientationLandscapeRight";
				IPHONEOS_DEPLOYMENT_TARGET = 15;
				LD_RUNPATH_SEARCH_PATHS = (
					"$(inherited)",
					"@executable_path/Frameworks",
				);
				MARKETING_VERSION = 1.0;
				PRODUCT_BUNDLE_IDENTIFIER = com.ChristinaStepanok.Wallie;
				PRODUCT_NAME = "$(TARGET_NAME)";
				SWIFT_EMIT_LOC_STRINGS = YES;
				SWIFT_VERSION = 5.0;
				TARGETED_DEVICE_FAMILY = "1,2";
			};
			name = Release;
		};
/* End XCBuildConfiguration section */

/* Begin XCConfigurationList section */
		85B3D0AF2A547395009C4644 /* Build configuration list for PBXProject "Wallie" */ = {
			isa = XCConfigurationList;
			buildConfigurations = (
				85B3D0C52A547397009C4644 /* Debug */,
				85B3D0C62A547397009C4644 /* Release */,
			);
			defaultConfigurationIsVisible = 0;
			defaultConfigurationName = Release;
		};
		85B3D0C72A547397009C4644 /* Build configuration list for PBXNativeTarget "Wallie" */ = {
			isa = XCConfigurationList;
			buildConfigurations = (
				85B3D0C82A547397009C4644 /* Debug */,
				85B3D0C92A547397009C4644 /* Release */,
			);
			defaultConfigurationIsVisible = 0;
			defaultConfigurationName = Release;
		};
/* End XCConfigurationList section */

/* Begin XCVersionGroup section */
		85B3D0C22A547397009C4644 /* Wallie.xcdatamodeld */ = {
			isa = XCVersionGroup;
			children = (
				85B3D0C32A547397009C4644 /* Wallie.xcdatamodel */,
			);
			currentVersion = 85B3D0C32A547397009C4644 /* Wallie.xcdatamodel */;
			path = Wallie.xcdatamodeld;
			sourceTree = "<group>";
			versionGroupType = wrapper.xcdatamodel;
		};
/* End XCVersionGroup section */
	};
	rootObject = 85B3D0AC2A547395009C4644 /* Project object */;
}
